
Microsoft Visual Studio Solution File, Format Version 12.00
# Visual Studio Version 17
VisualStudioVersion = 17.14.36401.2
MinimumVisualStudioVersion = 10.0.40219.1
Project("{FAE04EC0-301F-11D3-BF4B-00C04F79EFBC}") = "Send", "Send\Send.csproj", "{5F17978C-04B2-4DE5-9485-D709F455B8C6}"
EndProject
Project("{FAE04EC0-301F-11D3-BF4B-00C04F79EFBC}") = "Receive", "Receive\Receive.csproj", "{5CABA73C-E9F7-47E6-8195-17848EEEC644}"
EndProject
Project("{FAE04EC0-301F-11D3-BF4B-00C04F79EFBC}") = "NewTask", "NewTask\NewTask.csproj", "{8F56A9A0-C5D9-410E-87A8-73D657AA2270}"
EndProject
Project("{FAE04EC0-301F-11D3-BF4B-00C04F79EFBC}") = "Worker", "Worker\Worker.csproj", "{10401FC2-1835-4892-AE00-9EDD890C1B6C}"
EndProject
Project("{FAE04EC0-301F-11D3-BF4B-00C04F79EFBC}") = "PubSub-PubFanout", "PubSub-PubFanout\PubSub-PubFanout.csproj", "{1B0F3178-21DB-410B-AA2D-0A5FFAAC6B8D}"
EndProject
Global
	GlobalSection(SolutionConfigurationPlatforms) = preSolution
		Debug|Any CPU = Debug|Any CPU
		Release|Any CPU = Release|Any CPU
	EndGlobalSection
	GlobalSection(ProjectConfigurationPlatforms) = postSolution
		{5F17978C-04B2-4DE5-9485-D709F455B8C6}.Debug|Any CPU.ActiveCfg = Debug|Any CPU
		{5F17978C-04B2-4DE5-9485-D709F455B8C6}.Debug|Any CPU.Build.0 = Debug|Any CPU
		{5F17978C-04B2-4DE5-9485-D709F455B8C6}.Release|Any CPU.ActiveCfg = Release|Any CPU
		{5F17978C-04B2-4DE5-9485-D709F455B8C6}.Release|Any CPU.Build.0 = Release|Any CPU
		{5CABA73C-E9F7-47E6-8195-17848EEEC644}.Debug|Any CPU.ActiveCfg = Debug|Any CPU
		{5CABA73C-E9F7-47E6-8195-17848EEEC644}.Debug|Any CPU.Build.0 = Debug|Any CPU
		{5CABA73C-E9F7-47E6-8195-17848EEEC644}.Release|Any CPU.ActiveCfg = Release|Any CPU
		{5CABA73C-E9F7-47E6-8195-17848EEEC644}.Release|Any CPU.Build.0 = Release|Any CPU
		{8F56A9A0-C5D9-410E-87A8-73D657AA2270}.Debug|Any CPU.ActiveCfg = Debug|Any CPU
		{8F56A9A0-C5D9-410E-87A8-73D657AA2270}.Debug|Any CPU.Build.0 = Debug|Any CPU
		{8F56A9A0-C5D9-410E-87A8-73D657AA2270}.Release|Any CPU.ActiveCfg = Release|Any CPU
		{8F56A9A0-C5D9-410E-87A8-73D657AA2270}.Release|Any CPU.Build.0 = Release|Any CPU
		{10401FC2-1835-4892-AE00-9EDD890C1B6C}.Debug|Any CPU.ActiveCfg = Debug|Any CPU
		{10401FC2-1835-4892-AE00-9EDD890C1B6C}.Debug|Any CPU.Build.0 = Debug|Any CPU
		{10401FC2-1835-4892-AE00-9EDD890C1B6C}.Release|Any CPU.ActiveCfg = Release|Any CPU
		{10401FC2-1835-4892-AE00-9EDD890C1B6C}.Release|Any CPU.Build.0 = Release|Any CPU
		{1B0F3178-21DB-410B-AA2D-0A5FFAAC6B8D}.Debug|Any CPU.ActiveCfg = Debug|Any CPU
		{1B0F3178-21DB-410B-AA2D-0A5FFAAC6B8D}.Debug|Any CPU.Build.0 = Debug|Any CPU
		{1B0F3178-21DB-410B-AA2D-0A5FFAAC6B8D}.Release|Any CPU.ActiveCfg = Release|Any CPU
		{1B0F3178-21DB-410B-AA2D-0A5FFAAC6B8D}.Release|Any CPU.Build.0 = Release|Any CPU
	EndGlobalSection
	GlobalSection(SolutionProperties) = preSolution
		HideSolutionNode = FALSE
	EndGlobalSection
	GlobalSection(ExtensibilityGlobals) = postSolution
		SolutionGuid = {C7157CCB-FA85-400F-BD77-9AB562891348}
	EndGlobalSection
EndGlobal
